# This file is automatically @generated by Cargo.
# It is not intended for manual editing.
version = 4

[[package]]
name = "ai_workflows"
version = "0.1.0"

[[package]]
name = "auth_identity"
version = "0.1.0"

[[package]]
name = "bim_model"
version = "0.1.0"
dependencies = [
 "core_math",
 "geometry_kernel",
]

[[package]]
name = "cloud_project_service"
version = "0.1.0"

[[package]]
name = "collaboration_service"
version = "0.1.0"

[[package]]
name = "constraint_solver"
version = "0.1.0"
dependencies = [
 "core_math",
 "geometry_kernel",
]

[[package]]
name = "core_math"
version = "0.1.0"

[[package]]
name = "desktop_shell"
version = "0.1.0"

[[package]]
name = "file_dwg_bridge"
version = "0.1.0"

[[package]]
name = "file_ifc"
version = "0.1.0"

[[package]]
name = "geometry_kernel"
version = "0.1.0"
dependencies = [
 "core_math",
]

[[package]]
name = "gpu_backend"
version = "0.1.0"

[[package]]
name = "import_export_pipeline"
version = "0.1.0"

[[package]]
name = "parametric_engine"
version = "0.1.0"

[[package]]
name = "perf_harness"
version = "0.1.0"

[[package]]
name = "plugin_sdk"
version = "0.1.0"

[[package]]
name = "rebit-cloud-api"
version = "0.1.0"
dependencies = [
 "auth_identity",
 "cloud_project_service",
 "collaboration_service",
 "telemetry",
]

[[package]]
name = "rebit-desktop"
version = "0.1.0"
dependencies = [
 "bim_model",
 "desktop_shell",
 "parametric_engine",
 "rendering_engine",
 "telemetry",
 "ui_framework",
]

[[package]]
name = "rendering_engine"
version = "0.1.0"

[[package]]
name = "scene_graph"
version = "0.1.0"

[[package]]
name = "telemetry"
version = "0.1.0"

[[package]]
name = "test_oracles"
version = "0.1.0"

[[package]]
name = "ui_framework"
version = "0.1.0"
